
Microsoft Visual Studio Solution File, Format Version 12.00
# Visual Studio Version 16
VisualStudioVersion = 16.0.32802.440
MinimumVisualStudioVersion = 10.0.40219.1
Project("{FAE04EC0-301F-11D3-BF4B-00C04F79EFBC}") = "Heritage_Classe_Abstraite", "Heritage_Classe_Abstraite\Heritage_Classe_Abstraite.csproj", "{3C49E20F-603E-4B39-A25F-E5BE9897BDAD}"
EndProject
Global
	GlobalSection(SolutionConfigurationPlatforms) = preSolution
		Debug|Any CPU = Debug|Any CPU
		Release|Any CPU = Release|Any CPU
	EndGlobalSection
	GlobalSection(ProjectConfigurationPlatforms) = postSolution
		{3C49E20F-603E-4B39-A25F-E5BE9897BDAD}.Debug|Any CPU.ActiveCfg = Debug|Any CPU
		{3C49E20F-603E-4B39-A25F-E5BE9897BDAD}.Debug|Any CPU.Build.0 = Debug|Any CPU
		{3C49E20F-603E-4B39-A25F-E5BE9897BDAD}.Release|Any CPU.ActiveCfg = Release|Any CPU
		{3C49E20F-603E-4B39-A25F-E5BE9897BDAD}.Release|Any CPU.Build.0 = Release|Any CPU
	EndGlobalSection
	GlobalSection(SolutionProperties) = preSolution
		HideSolutionNode = FALSE
	EndGlobalSection
	GlobalSection(ExtensibilityGlobals) = postSolution
		SolutionGuid = {0F608C8A-486A-4A63-9B63-9B76C9B31DBB}
	EndGlobalSection
EndGlobal
